
Microsoft Visual Studio Solution File, Format Version 12.00
# Visual Studio 14
VisualStudioVersion = 14.0.25420.1
MinimumVisualStudioVersion = 10.0.40219.1
Project("{FAE04EC0-301F-11D3-BF4B-00C04F79EFBC}") = "PonySFM Workshop", "PonySFM Workshop\PonySFM Workshop.csproj", "{0C0983AB-3EB7-4D61-B584-C2C457C15C70}"
	ProjectSection(ProjectDependencies) = postProject
		{0784127B-44F3-443E-9619-701F1A5ADE7D} = {0784127B-44F3-443E-9619-701F1A5ADE7D}
	EndProjectSection
EndProject
Project("{FAE04EC0-301F-11D3-BF4B-00C04F79EFBC}") = "PostInstall", "PostInstall\PostInstall.csproj", "{0784127B-44F3-443E-9619-701F1A5ADE7D}"
EndProject
Project("{FAE04EC0-301F-11D3-BF4B-00C04F79EFBC}") = "CoreLib", "CoreLib\CoreLib.csproj", "{51BFDF63-A26E-4BCC-AAA3-B97CAB61EE61}"
EndProject
Project("{FAE04EC0-301F-11D3-BF4B-00C04F79EFBC}") = "CoreLibTest", "CoreLibTest\CoreLibTest.csproj", "{3F0963FC-6602-405A-A89B-0ECB70901D2A}"
EndProject
Project("{FAE04EC0-301F-11D3-BF4B-00C04F79EFBC}") = "UITest", "UITest\UITest.csproj", "{9BF8A639-39D3-40F8-A9E6-6CF2A49D7379}"
EndProject
Global
	GlobalSection(SolutionConfigurationPlatforms) = preSolution
		Debug|Any CPU = Debug|Any CPU
		Release|Any CPU = Release|Any CPU
	EndGlobalSection
	GlobalSection(ProjectConfigurationPlatforms) = postSolution
		{0C0983AB-3EB7-4D61-B584-C2C457C15C70}.Debug|Any CPU.ActiveCfg = Debug|Any CPU
		{0C0983AB-3EB7-4D61-B584-C2C457C15C70}.Debug|Any CPU.Build.0 = Debug|Any CPU
		{0C0983AB-3EB7-4D61-B584-C2C457C15C70}.Release|Any CPU.ActiveCfg = Release|Any CPU
		{0C0983AB-3EB7-4D61-B584-C2C457C15C70}.Release|Any CPU.Build.0 = Release|Any CPU
		{0784127B-44F3-443E-9619-701F1A5ADE7D}.Debug|Any CPU.ActiveCfg = Debug|Any CPU
		{0784127B-44F3-443E-9619-701F1A5ADE7D}.Debug|Any CPU.Build.0 = Debug|Any CPU
		{0784127B-44F3-443E-9619-701F1A5ADE7D}.Release|Any CPU.ActiveCfg = Release|Any CPU
		{0784127B-44F3-443E-9619-701F1A5ADE7D}.Release|Any CPU.Build.0 = Release|Any CPU
		{51BFDF63-A26E-4BCC-AAA3-B97CAB61EE61}.Debug|Any CPU.ActiveCfg = Debug|Any CPU
		{51BFDF63-A26E-4BCC-AAA3-B97CAB61EE61}.Debug|Any CPU.Build.0 = Debug|Any CPU
		{51BFDF63-A26E-4BCC-AAA3-B97CAB61EE61}.Release|Any CPU.ActiveCfg = Release|Any CPU
		{51BFDF63-A26E-4BCC-AAA3-B97CAB61EE61}.Release|Any CPU.Build.0 = Release|Any CPU
		{3F0963FC-6602-405A-A89B-0ECB70901D2A}.Debug|Any CPU.ActiveCfg = Debug|Any CPU
		{3F0963FC-6602-405A-A89B-0ECB70901D2A}.Debug|Any CPU.Build.0 = Debug|Any CPU
		{3F0963FC-6602-405A-A89B-0ECB70901D2A}.Release|Any CPU.ActiveCfg = Release|Any CPU
		{3F0963FC-6602-405A-A89B-0ECB70901D2A}.Release|Any CPU.Build.0 = Release|Any CPU
		{9BF8A639-39D3-40F8-A9E6-6CF2A49D7379}.Debug|Any CPU.ActiveCfg = Debug|Any CPU
		{9BF8A639-39D3-40F8-A9E6-6CF2A49D7379}.Debug|Any CPU.Build.0 = Debug|Any CPU
		{9BF8A639-39D3-40F8-A9E6-6CF2A49D7379}.Release|Any CPU.ActiveCfg = Release|Any CPU
		{9BF8A639-39D3-40F8-A9E6-6CF2A49D7379}.Release|Any CPU.Build.0 = Release|Any CPU
	EndGlobalSection
	GlobalSection(SolutionProperties) = preSolution
		HideSolutionNode = FALSE
	EndGlobalSection
EndGlobal
